
Microsoft Visual Studio Solution File, Format Version 12.00
# Visual Studio Version 17
VisualStudioVersion = 17.13.35806.99 d17.13
MinimumVisualStudioVersion = 10.0.40219.1
Project("{FAE04EC0-301F-11D3-BF4B-00C04F79EFBC}") = "2dRooms", "2dRooms\2dRooms.csproj", "{0CED4EE2-A2A7-4C7C-9499-1ED257BD197A}"
EndProject
Project("{2150E333-8FDC-42A3-9474-1A3956D46DE8}") = ".github", ".github", "{02EA681E-C7D8-13C7-8484-4AC65E1B71E8}"
EndProject
Project("{2150E333-8FDC-42A3-9474-1A3956D46DE8}") = "workflows", "workflows", "{D86DCC24-6952-47A5-B8E0-B7BF06DB4E1E}"
	ProjectSection(SolutionItems) = preProject
		..\..\..\Downloads\github_workflow_simplified.yml = ..\..\..\Downloads\github_workflow_simplified.yml
	EndProjectSection
EndProject
Global
	GlobalSection(SolutionConfigurationPlatforms) = preSolution
		Debug|Any CPU = Debug|Any CPU
		Release|Any CPU = Release|Any CPU
	EndGlobalSection
	GlobalSection(ProjectConfigurationPlatforms) = postSolution
		{0CED4EE2-A2A7-4C7C-9499-1ED257BD197A}.Debug|Any CPU.ActiveCfg = Debug|Any CPU
		{0CED4EE2-A2A7-4C7C-9499-1ED257BD197A}.Debug|Any CPU.Build.0 = Debug|Any CPU
		{0CED4EE2-A2A7-4C7C-9499-1ED257BD197A}.Release|Any CPU.ActiveCfg = Release|Any CPU
		{0CED4EE2-A2A7-4C7C-9499-1ED257BD197A}.Release|Any CPU.Build.0 = Release|Any CPU
	EndGlobalSection
	GlobalSection(SolutionProperties) = preSolution
		HideSolutionNode = FALSE
	EndGlobalSection
	GlobalSection(NestedProjects) = preSolution
		{D86DCC24-6952-47A5-B8E0-B7BF06DB4E1E} = {02EA681E-C7D8-13C7-8484-4AC65E1B71E8}
	EndGlobalSection
	GlobalSection(ExtensibilityGlobals) = postSolution
		SolutionGuid = {A9AB7E25-0CD0-4775-894B-368EC54FA49A}
	EndGlobalSection
EndGlobal
